
Microsoft Visual Studio Solution File, Format Version 11.00
# Visual Studio 2010
Project("{FAE04EC0-301F-11D3-BF4B-00C04F79EFBC}") = "Testbed", "Testbed\Testbed.csproj", "{BE3EE03A-EFFE-45D4-84E1-A4A324FAB35E}"
EndProject
Project("{FAE04EC0-301F-11D3-BF4B-00C04F79EFBC}") = "Box2D.Net", "Box2D.Net\Box2D.Net.csproj", "{267CB172-9F35-414C-A059-E54901B14F3F}"
EndProject
Project("{FAE04EC0-301F-11D3-BF4B-00C04F79EFBC}") = "HelloWorld", "HelloWorld\HelloWorld.csproj", "{84A90229-B32A-414C-A43A-8824EFEBE8DF}"
EndProject
Global
	GlobalSection(SolutionConfigurationPlatforms) = preSolution
		Debug|Any CPU = Debug|Any CPU
		Release|Any CPU = Release|Any CPU
	EndGlobalSection
	GlobalSection(ProjectConfigurationPlatforms) = postSolution
		{BE3EE03A-EFFE-45D4-84E1-A4A324FAB35E}.Debug|Any CPU.ActiveCfg = Debug|Any CPU
		{BE3EE03A-EFFE-45D4-84E1-A4A324FAB35E}.Debug|Any CPU.Build.0 = Debug|Any CPU
		{BE3EE03A-EFFE-45D4-84E1-A4A324FAB35E}.Release|Any CPU.ActiveCfg = Release|Any CPU
		{BE3EE03A-EFFE-45D4-84E1-A4A324FAB35E}.Release|Any CPU.Build.0 = Release|Any CPU
		{267CB172-9F35-414C-A059-E54901B14F3F}.Debug|Any CPU.ActiveCfg = Debug|Any CPU
		{267CB172-9F35-414C-A059-E54901B14F3F}.Debug|Any CPU.Build.0 = Debug|Any CPU
		{267CB172-9F35-414C-A059-E54901B14F3F}.Release|Any CPU.ActiveCfg = Release|Any CPU
		{267CB172-9F35-414C-A059-E54901B14F3F}.Release|Any CPU.Build.0 = Release|Any CPU
		{84A90229-B32A-414C-A43A-8824EFEBE8DF}.Debug|Any CPU.ActiveCfg = Debug|Any CPU
		{84A90229-B32A-414C-A43A-8824EFEBE8DF}.Debug|Any CPU.Build.0 = Debug|Any CPU
		{84A90229-B32A-414C-A43A-8824EFEBE8DF}.Release|Any CPU.ActiveCfg = Release|Any CPU
		{84A90229-B32A-414C-A43A-8824EFEBE8DF}.Release|Any CPU.Build.0 = Release|Any CPU
	EndGlobalSection
	GlobalSection(SolutionProperties) = preSolution
		HideSolutionNode = FALSE
	EndGlobalSection
EndGlobal
